{
  "name": "shingo-webapp",
  "version": "1.0.0",
  "lockfileVersion": 1,
  "dependencies": {
    "angular": {
      "version": "1.6.4",
      "resolved": "https://registry.npmjs.org/angular/-/angular-1.6.4.tgz",
      "integrity": "sha1-A7exXAGggC1+LPWTJA5gQFTcd/s="
    },
    "angular-animate": {
      "version": "1.6.4",
      "resolved": "https://registry.npmjs.org/angular-animate/-/angular-animate-1.6.4.tgz",
      "integrity": "sha1-0+uQbTmDTy373Zgua416O02QAdI="
    },
    "angular-aria": {
      "version": "1.6.4",
      "resolved": "https://registry.npmjs.org/angular-aria/-/angular-aria-1.6.4.tgz",
      "integrity": "sha1-yGg2ZqzhlmaPaOciCBG9z8nhBuQ="
    },
    "angular-material": {
      "version": "1.1.4",
      "resolved": "https://registry.npmjs.org/angular-material/-/angular-material-1.1.4.tgz",
      "integrity": "sha1-J941ZG9UzNMgCArwxwjhtDivh/Y="
    },
    "angular-sanitize": {
      "version": "1.6.4",
      "resolved": "https://registry.npmjs.org/angular-sanitize/-/angular-sanitize-1.6.4.tgz",
      "integrity": "sha1-YKN+qW+w1KMio8y2TuSlzzsVTww="
    },
    "angular-scroll": {
      "version": "1.0.2",
      "resolved": "https://registry.npmjs.org/angular-scroll/-/angular-scroll-1.0.2.tgz",
      "integrity": "sha1-J2j/NdvhzkDgw/vt1FNIiCmcPi0="
    },
    "angular-ui-router": {
      "version": "0.4.2",
      "resolved": "https://registry.npmjs.org/angular-ui-router/-/angular-ui-router-0.4.2.tgz",
      "integrity": "sha1-tq7Rymmmg8guOZKJjqvUuhWGhgg="
    },
    "jquery": {
      "version": "3.2.1",
      "resolved": "https://registry.npmjs.org/jquery/-/jquery-3.2.1.tgz",
      "integrity": "sha1-XE2d5lKvbNCncBVKYxu6ErAVx4c="
    },
    "lodash": {
      "version": "4.17.4",
      "resolved": "https://registry.npmjs.org/lodash/-/lodash-4.17.4.tgz",
      "integrity": "sha1-eCA6TRwyiuHYbcpkYONptX9AVa4="
    }
  }
}
